Microsoft Visual Studio Solution File, Format Version 8.00
Project("{8BC9CEB8-8B4A-11D0-8D11-00A0C91BC942}") = "HotelMIS", "Samples\hotel\OutlookDemo.vcproj", "{48A248CC-C956-4E78-993A-9CBF4AE3A81A}"
	ProjectSection(ProjectDependencies) = postProject
	EndProjectSection
EndProject
Project("{8BC9CEB8-8B4A-11D0-8D11-00A0C91BC942}") = "ConfigServer", "ConfigServer\ConfigServer.vcproj", "{F5F7A249-6DFF-4A8D-AD9D-69FD9FD85EB2}"
	ProjectSection(ProjectDependencies) = postProject
	EndProjectSection
EndProject
Project("{8BC9CEB8-8B4A-11D0-8D11-00A0C91BC942}") = "GuiLib", "GuiLib\GuiLib.vcproj", "{87DB4DD4-3B89-434E-BC6E-9DB74692BA8D}"
	ProjectSection(ProjectDependencies) = postProject
	EndProjectSection
EndProject
Global
	GlobalSection(SolutionConfiguration) = preSolution
		Debug = Debug
		Debug Unicode = Debug Unicode
		PreRelease = PreRelease
		Release = Release
		Release Unicode = Release Unicode
	EndGlobalSection
	GlobalSection(ProjectConfiguration) = postSolution
		{48A248CC-C956-4E78-993A-9CBF4AE3A81A}.Debug.ActiveCfg = Debug|Win32
		{48A248CC-C956-4E78-993A-9CBF4AE3A81A}.Debug.Build.0 = Debug|Win32
		{48A248CC-C956-4E78-993A-9CBF4AE3A81A}.Debug Unicode.ActiveCfg = Debug|Win32
		{48A248CC-C956-4E78-993A-9CBF4AE3A81A}.Debug Unicode.Build.0 = Debug|Win32
		{48A248CC-C956-4E78-993A-9CBF4AE3A81A}.PreRelease.ActiveCfg = PreRelease|Win32
		{48A248CC-C956-4E78-993A-9CBF4AE3A81A}.PreRelease.Build.0 = PreRelease|Win32
		{48A248CC-C956-4E78-993A-9CBF4AE3A81A}.Release.ActiveCfg = Release|Win32
		{48A248CC-C956-4E78-993A-9CBF4AE3A81A}.Release.Build.0 = Release|Win32
		{48A248CC-C956-4E78-993A-9CBF4AE3A81A}.Release Unicode.ActiveCfg = Release|Win32
		{48A248CC-C956-4E78-993A-9CBF4AE3A81A}.Release Unicode.Build.0 = Release|Win32
		{F5F7A249-6DFF-4A8D-AD9D-69FD9FD85EB2}.Debug.ActiveCfg = Debug|Win32
		{F5F7A249-6DFF-4A8D-AD9D-69FD9FD85EB2}.Debug.Build.0 = Debug|Win32
		{F5F7A249-6DFF-4A8D-AD9D-69FD9FD85EB2}.Debug Unicode.ActiveCfg = Debug|Win32
		{F5F7A249-6DFF-4A8D-AD9D-69FD9FD85EB2}.Debug Unicode.Build.0 = Debug|Win32
		{F5F7A249-6DFF-4A8D-AD9D-69FD9FD85EB2}.PreRelease.ActiveCfg = Release|Win32
		{F5F7A249-6DFF-4A8D-AD9D-69FD9FD85EB2}.PreRelease.Build.0 = Release|Win32
		{F5F7A249-6DFF-4A8D-AD9D-69FD9FD85EB2}.Release.ActiveCfg = Release|Win32
		{F5F7A249-6DFF-4A8D-AD9D-69FD9FD85EB2}.Release.Build.0 = Release|Win32
		{F5F7A249-6DFF-4A8D-AD9D-69FD9FD85EB2}.Release Unicode.ActiveCfg = Release|Win32
		{F5F7A249-6DFF-4A8D-AD9D-69FD9FD85EB2}.Release Unicode.Build.0 = Release|Win32
		{87DB4DD4-3B89-434E-BC6E-9DB74692BA8D}.Debug.ActiveCfg = Debug|Win32
		{87DB4DD4-3B89-434E-BC6E-9DB74692BA8D}.Debug.Build.0 = Debug|Win32
		{87DB4DD4-3B89-434E-BC6E-9DB74692BA8D}.Debug Unicode.ActiveCfg = Debug Unicode|Win32
		{87DB4DD4-3B89-434E-BC6E-9DB74692BA8D}.Debug Unicode.Build.0 = Debug Unicode|Win32
		{87DB4DD4-3B89-434E-BC6E-9DB74692BA8D}.PreRelease.ActiveCfg = Release|Win32
		{87DB4DD4-3B89-434E-BC6E-9DB74692BA8D}.PreRelease.Build.0 = Release|Win32
		{87DB4DD4-3B89-434E-BC6E-9DB74692BA8D}.Release.ActiveCfg = Release|Win32
		{87DB4DD4-3B89-434E-BC6E-9DB74692BA8D}.Release.Build.0 = Release|Win32
		{87DB4DD4-3B89-434E-BC6E-9DB74692BA8D}.Release Unicode.ActiveCfg = Release Unicode|Win32
		{87DB4DD4-3B89-434E-BC6E-9DB74692BA8D}.Release Unicode.Build.0 = Release Unicode|Win32
	EndGlobalSection
	GlobalSection(ExtensibilityGlobals) = postSolution
	EndGlobalSection
	GlobalSection(ExtensibilityAddIns) = postSolution
	EndGlobalSection
EndGlobal
