<?xml version="1.0" encoding="utf-8"?>
<Project ToolsVersion="4.0" xmlns="http://schemas.microsoft.com/developer/msbuild/2003">
  <ItemGroup>
    <Filter Include="Source Files">
      <UniqueIdentifier>{5b60ac32-f54e-4e3a-ac59-44a5f50938a5}</UniqueIdentifier>
      <Extensions>cpp;c;cxx;rc;def;r;odl;idl;hpj;bat</Extensions>
    </Filter>
    <Filter Include="Header Files">
      <UniqueIdentifier>{a5eb4d5a-9f2b-480b-bec7-1351f8ea4de6}</UniqueIdentifier>
      <Extensions>h;hpp;hxx;hm;inl</Extensions>
    </Filter>
    <Filter Include="Resource Files">
      <UniqueIdentifier>{42fe4cb9-92cd-4916-bbad-59d6881bc688}</UniqueIdentifier>
      <Extensions>ico;cur;bmp;dlg;rc2;rct;bin;rgs;gif;jpg;jpeg;jpe</Extensions>
    </Filter>
  </ItemGroup>
  <ItemGroup>
    <ClCompile Include="CoolMenu.cpp">
      <Filter>Source Files</Filter>
    </ClCompile>
    <ClCompile Include="GuiADODB.cpp">
      <Filter>Source Files</Filter>
    </ClCompile>
    <ClCompile Include="GuiButton.cpp">
      <Filter>Source Files</Filter>
    </ClCompile>
    <ClCompile Include="GuiButtonDoc.cpp">
      <Filter>Source Files</Filter>
    </ClCompile>
    <ClCompile Include="GuiButtonTimer.cpp">
      <Filter>Source Files</Filter>
    </ClCompile>
    <ClCompile Include="GuiCapOutBar.cpp">
      <Filter>Source Files</Filter>
    </ClCompile>
    <ClCompile Include="GuicheckBox.cpp">
      <Filter>Source Files</Filter>
    </ClCompile>
    <ClCompile Include="GuiComboBoxExt.cpp">
      <Filter>Source Files</Filter>
    </ClCompile>
    <ClCompile Include="GuiComboFont.cpp">
      <Filter>Source Files</Filter>
    </ClCompile>
    <ClCompile Include="GuiContainer.cpp">
      <Filter>Source Files</Filter>
    </ClCompile>
    <ClCompile Include="GuiControlBar.cpp">
      <Filter>Source Files</Filter>
    </ClCompile>
    <ClCompile Include="GuiDocBarExten.cpp">
      <Filter>Source Files</Filter>
    </ClCompile>
    <ClCompile Include="GuiDocBarExtenEx.cpp">
      <Filter>Source Files</Filter>
    </ClCompile>
    <ClCompile Include="GuiDockContext.cpp">
      <Filter>Source Files</Filter>
    </ClCompile>
    <ClCompile Include="GuiDockToolBar.cpp">
      <Filter>Source Files</Filter>
    </ClCompile>
    <ClCompile Include="GuiDockToolBarEx.cpp">
      <Filter>Source Files</Filter>
    </ClCompile>
    <ClCompile Include="GuiDocSpecial.cpp">
      <Filter>Source Files</Filter>
    </ClCompile>
    <ClCompile Include="GuiDrawLayer.cpp">
      <Filter>Source Files</Filter>
    </ClCompile>
    <ClCompile Include="GuiDropDownEdit.cpp">
      <Filter>Source Files</Filter>
    </ClCompile>
    <ClCompile Include="GuiEdit.cpp">
      <Filter>Source Files</Filter>
    </ClCompile>
    <ClCompile Include="GuiFDir.cpp">
      <Filter>Source Files</Filter>
    </ClCompile>
    <ClCompile Include="GuiFile.cpp">
      <Filter>Source Files</Filter>
    </ClCompile>
    <ClCompile Include="GuiFolder.cpp">
      <Filter>Source Files</Filter>
    </ClCompile>
    <ClCompile Include="GuiFolderFlat.cpp">
      <Filter>Source Files</Filter>
    </ClCompile>
    <ClCompile Include="GuiFrameWnd.cpp">
      <Filter>Source Files</Filter>
    </ClCompile>
    <ClCompile Include="GuiGroupBox.cpp">
      <Filter>Source Files</Filter>
    </ClCompile>
    <ClCompile Include="GuiHeaderCtrl.cpp">
      <Filter>Source Files</Filter>
    </ClCompile>
    <ClCompile Include="GuiImageLinkButton.cpp">
      <Filter>Source Files</Filter>
    </ClCompile>
    <ClCompile Include="GuiLabelButton.cpp">
      <Filter>Source Files</Filter>
    </ClCompile>
    <ClCompile Include="GuiLib.cpp">
      <Filter>Source Files</Filter>
    </ClCompile>
    <ClCompile Include="GuiLinkButton.cpp">
      <Filter>Source Files</Filter>
    </ClCompile>
    <ClCompile Include="GuiListEdit.cpp">
      <Filter>Source Files</Filter>
    </ClCompile>
    <ClCompile Include="GuiMDIFrame.cpp">
      <Filter>Source Files</Filter>
    </ClCompile>
    <ClCompile Include="GuiMDITabbed.cpp">
      <Filter>Source Files</Filter>
    </ClCompile>
    <ClCompile Include="GuiMDIWindowsDlg.cpp">
      <Filter>Source Files</Filter>
    </ClCompile>
    <ClCompile Include="GuiMiniFrame.cpp">
      <Filter>Source Files</Filter>
    </ClCompile>
    <ClCompile Include="GuiMiniFrameWnd.cpp">
      <Filter>Source Files</Filter>
    </ClCompile>
    <ClCompile Include="GuiMiniSplitter.cpp">
      <Filter>Source Files</Filter>
    </ClCompile>
    <ClCompile Include="GuiMiniTool.cpp">
      <Filter>Source Files</Filter>
    </ClCompile>
    <ClCompile Include="GuiNormalButton.cpp">
      <Filter>Source Files</Filter>
    </ClCompile>
    <ClCompile Include="GuiOfficeBar.cpp">
      <Filter>Source Files</Filter>
    </ClCompile>
    <ClCompile Include="GuiOutLook.cpp">
      <Filter>Source Files</Filter>
    </ClCompile>
    <ClCompile Include="GuiOutLookView.cpp">
      <Filter>Source Files</Filter>
    </ClCompile>
    <ClCompile Include="GuiPanelAccess.cpp">
      <Filter>Source Files</Filter>
    </ClCompile>
    <ClCompile Include="GuiPanelWnd.cpp">
      <Filter>Source Files</Filter>
    </ClCompile>
    <ClCompile Include="GuiPowerPointView.cpp">
      <Filter>Source Files</Filter>
    </ClCompile>
    <ClCompile Include="GuiRadioButton.cpp">
      <Filter>Source Files</Filter>
    </ClCompile>
    <ClCompile Include="GuiSliderCtrl.cpp">
      <Filter>Source Files</Filter>
    </ClCompile>
    <ClCompile Include="GuiSplitter.cpp">
      <Filter>Source Files</Filter>
    </ClCompile>
    <ClCompile Include="GuiSplitterWnd.cpp">
      <Filter>Source Files</Filter>
    </ClCompile>
    <ClCompile Include="GuiStaticStandar.cpp">
      <Filter>Source Files</Filter>
    </ClCompile>
    <ClCompile Include="GuiStatusBar.cpp">
      <Filter>Source Files</Filter>
    </ClCompile>
    <ClCompile Include="GuiSysTray.cpp">
      <Filter>Source Files</Filter>
    </ClCompile>
    <ClCompile Include="GuiTabbed.cpp">
      <Filter>Source Files</Filter>
    </ClCompile>
    <ClCompile Include="GuiTabPowerPoint.cpp">
      <Filter>Source Files</Filter>
    </ClCompile>
    <ClCompile Include="GuiTabWnd.cpp">
      <Filter>Source Files</Filter>
    </ClCompile>
    <ClCompile Include="GuiToolBarWnd.cpp">
      <Filter>Source Files</Filter>
    </ClCompile>
    <ClCompile Include="GuiToolButton.cpp">
      <Filter>Source Files</Filter>
    </ClCompile>
    <ClCompile Include="GuiView.cpp">
      <Filter>Source Files</Filter>
    </ClCompile>
    <ClCompile Include="GuiViewWorkTab.cpp">
      <Filter>Source Files</Filter>
    </ClCompile>
    <ClCompile Include="GuiVisioFolder.cpp">
      <Filter>Source Files</Filter>
    </ClCompile>
    <ClCompile Include="GuiWorkPanel.cpp">
      <Filter>Source Files</Filter>
    </ClCompile>
    <ClCompile Include="GuiWorkTab.cpp">
      <Filter>Source Files</Filter>
    </ClCompile>
    <ClCompile Include="MenuBar.cpp">
      <Filter>Source Files</Filter>
    </ClCompile>
    <ClCompile Include="NewMenu.cpp">
      <Filter>Source Files</Filter>
    </ClCompile>
    <ClCompile Include="StdAfx.cpp">
      <Filter>Source Files</Filter>
    </ClCompile>
    <ClCompile Include="Subclass.cpp">
      <Filter>Source Files</Filter>
    </ClCompile>
    <ClCompile Include="VisualStylesXP.cpp">
      <Filter>Source Files</Filter>
    </ClCompile>
  </ItemGroup>
  <ItemGroup>
    <ResourceCompile Include="GuiLib.rc">
      <Filter>Source Files</Filter>
    </ResourceCompile>
  </ItemGroup>
  <ItemGroup>
    <ClInclude Include="CBaseTab.h">
      <Filter>Header Files</Filter>
    </ClInclude>
    <ClInclude Include="CGuiEditView.h">
      <Filter>Header Files</Filter>
    </ClInclude>
    <ClInclude Include="CoolMenu.h">
      <Filter>Header Files</Filter>
    </ClInclude>
    <ClInclude Include="GuiADODB.h">
      <Filter>Header Files</Filter>
    </ClInclude>
    <ClInclude Include="GuiBaseTab.h">
      <Filter>Header Files</Filter>
    </ClInclude>
    <ClInclude Include="GuiButton.h">
      <Filter>Header Files</Filter>
    </ClInclude>
    <ClInclude Include="GuiButtonDoc.h">
      <Filter>Header Files</Filter>
    </ClInclude>
    <ClInclude Include="GuiButtonTimer.h">
      <Filter>Header Files</Filter>
    </ClInclude>
    <ClInclude Include="GuiCapOutBar.h">
      <Filter>Header Files</Filter>
    </ClInclude>
    <ClInclude Include="GuicheckBox.h">
      <Filter>Header Files</Filter>
    </ClInclude>
    <ClInclude Include="GuiColors.h">
      <Filter>Header Files</Filter>
    </ClInclude>
    <ClInclude Include="GuiComboBoxExt.h">
      <Filter>Header Files</Filter>
    </ClInclude>
    <ClInclude Include="GuiComboFont.h">
      <Filter>Header Files</Filter>
    </ClInclude>
    <ClInclude Include="GuiContainer.h">
      <Filter>Header Files</Filter>
    </ClInclude>
    <ClInclude Include="GuiControlBar.h">
      <Filter>Header Files</Filter>
    </ClInclude>
    <ClInclude Include="GuiDocBarExten.h">
      <Filter>Header Files</Filter>
    </ClInclude>
    <ClInclude Include="GuiDocBarExtenEx.h">
      <Filter>Header Files</Filter>
    </ClInclude>
    <ClInclude Include="GuiDockBar.h">
      <Filter>Header Files</Filter>
    </ClInclude>
    <ClInclude Include="GuiDockContext.h">
      <Filter>Header Files</Filter>
    </ClInclude>
    <ClInclude Include="GuiDockToolBar.h">
      <Filter>Header Files</Filter>
    </ClInclude>
    <ClInclude Include="GuiDockToolBarEx.h">
      <Filter>Header Files</Filter>
    </ClInclude>
    <ClInclude Include="GuiDocSpecial.h">
      <Filter>Header Files</Filter>
    </ClInclude>
    <ClInclude Include="GuiDrawLayer.h">
      <Filter>Header Files</Filter>
    </ClInclude>
    <ClInclude Include="GuiDropDownEdit.h">
      <Filter>Header Files</Filter>
    </ClInclude>
    <ClInclude Include="GuiEdit.h">
      <Filter>Header Files</Filter>
    </ClInclude>
    <ClInclude Include="GuiFDir.h">
      <Filter>Header Files</Filter>
    </ClInclude>
    <ClInclude Include="GuiFile.h">
      <Filter>Header Files</Filter>
    </ClInclude>
    <ClInclude Include="GuiFolder.h">
      <Filter>Header Files</Filter>
    </ClInclude>
    <ClInclude Include="GuiFolderFlat.h">
      <Filter>Header Files</Filter>
    </ClInclude>
    <ClInclude Include="GuiFrameWnd.h">
      <Filter>Header Files</Filter>
    </ClInclude>
    <ClInclude Include="GuiGridLayout.h">
      <Filter>Header Files</Filter>
    </ClInclude>
    <ClInclude Include="GuiGroupBox.h">
      <Filter>Header Files</Filter>
    </ClInclude>
    <ClInclude Include="GuiHeaderCtrl.h">
      <Filter>Header Files</Filter>
    </ClInclude>
    <ClInclude Include="GuiImageLinkButton.h">
      <Filter>Header Files</Filter>
    </ClInclude>
    <ClInclude Include="GuiLabelButton.h">
      <Filter>Header Files</Filter>
    </ClInclude>
    <ClInclude Include="GuiLib.h">
      <Filter>Header Files</Filter>
    </ClInclude>
    <ClInclude Include="GuiLibRes.h">
      <Filter>Header Files</Filter>
    </ClInclude>
    <ClInclude Include="GuiLinkButton.h">
      <Filter>Header Files</Filter>
    </ClInclude>
    <ClInclude Include="GuiListEdit.h">
      <Filter>Header Files</Filter>
    </ClInclude>
    <ClInclude Include="GuiMDIFrame.h">
      <Filter>Header Files</Filter>
    </ClInclude>
    <ClInclude Include="GuiMDITabbed.h">
      <Filter>Header Files</Filter>
    </ClInclude>
    <ClInclude Include="GuiMDIWindowsDlg.h">
      <Filter>Header Files</Filter>
    </ClInclude>
    <ClInclude Include="GuiMiniFrame.h">
      <Filter>Header Files</Filter>
    </ClInclude>
    <ClInclude Include="GuiMiniFrameWnd.h">
      <Filter>Header Files</Filter>
    </ClInclude>
    <ClInclude Include="GuiMiniSplitter.h">
      <Filter>Header Files</Filter>
    </ClInclude>
    <ClInclude Include="GuiMiniTool.h">
      <Filter>Header Files</Filter>
    </ClInclude>
    <ClInclude Include="GuiNormalButton.h">
      <Filter>Header Files</Filter>
    </ClInclude>
    <ClInclude Include="GuiOfficeBar.h">
      <Filter>Header Files</Filter>
    </ClInclude>
    <ClInclude Include="GuiOutLook.h">
      <Filter>Header Files</Filter>
    </ClInclude>
    <ClInclude Include="GuiOutLookView.h">
      <Filter>Header Files</Filter>
    </ClInclude>
    <ClInclude Include="GuiPanelAccess.h">
      <Filter>Header Files</Filter>
    </ClInclude>
    <ClInclude Include="GuiPanelWnd.h">
      <Filter>Header Files</Filter>
    </ClInclude>
    <ClInclude Include="GuiPowerPointView.h">
      <Filter>Header Files</Filter>
    </ClInclude>
    <ClInclude Include="GuiRadioButton.h">
      <Filter>Header Files</Filter>
    </ClInclude>
    <ClInclude Include="GuiSliderCtrl.h">
      <Filter>Header Files</Filter>
    </ClInclude>
    <ClInclude Include="GuiSplitter.h">
      <Filter>Header Files</Filter>
    </ClInclude>
    <ClInclude Include="GuiSplitterWnd.h">
      <Filter>Header Files</Filter>
    </ClInclude>
    <ClInclude Include="GuiStaticStandar.h">
      <Filter>Header Files</Filter>
    </ClInclude>
    <ClInclude Include="GuiStatusBar.h">
      <Filter>Header Files</Filter>
    </ClInclude>
    <ClInclude Include="GuiSysTray.h">
      <Filter>Header Files</Filter>
    </ClInclude>
    <ClInclude Include="GuiTabbed.h">
      <Filter>Header Files</Filter>
    </ClInclude>
    <ClInclude Include="GuiTabPowerPoint.h">
      <Filter>Header Files</Filter>
    </ClInclude>
    <ClInclude Include="GuiTabWnd.h">
      <Filter>Header Files</Filter>
    </ClInclude>
    <ClInclude Include="GuiToolBarWnd.h">
      <Filter>Header Files</Filter>
    </ClInclude>
    <ClInclude Include="GuiToolButton.h">
      <Filter>Header Files</Filter>
    </ClInclude>
    <ClInclude Include="GuiView.h">
      <Filter>Header Files</Filter>
    </ClInclude>
    <ClInclude Include="GuiViewWorkTab.h">
      <Filter>Header Files</Filter>
    </ClInclude>
    <ClInclude Include="GuiVisioFolder.h">
      <Filter>Header Files</Filter>
    </ClInclude>
    <ClInclude Include="GuiWorkPanel.h">
      <Filter>Header Files</Filter>
    </ClInclude>
    <ClInclude Include="GuiWorkTab.h">
      <Filter>Header Files</Filter>
    </ClInclude>
    <ClInclude Include="MenuBar.h">
      <Filter>Header Files</Filter>
    </ClInclude>
    <ClInclude Include="NewMenu.h">
      <Filter>Header Files</Filter>
    </ClInclude>
    <ClInclude Include="StdAfx.h">
      <Filter>Header Files</Filter>
    </ClInclude>
    <ClInclude Include="Subclass.h">
      <Filter>Header Files</Filter>
    </ClInclude>
    <ClInclude Include="VisualStylesXP.h">
      <Filter>Header Files</Filter>
    </ClInclude>
  </ItemGroup>
  <ItemGroup>
    <Image Include="arrowdow.ico">
      <Filter>Resource Files</Filter>
    </Image>
    <Image Include="arrowrig.ico">
      <Filter>Resource Files</Filter>
    </Image>
    <Image Include="res\bitmap1.bmp">
      <Filter>Resource Files</Filter>
    </Image>
    <Image Include="bitmap1.bmp">
      <Filter>Resource Files</Filter>
    </Image>
    <Image Include="bitmap2.bmp">
      <Filter>Resource Files</Filter>
    </Image>
    <Image Include="bitmap3.bmp">
      <Filter>Resource Files</Filter>
    </Image>
    <Image Include="bitmap4.bmp">
      <Filter>Resource Files</Filter>
    </Image>
    <Image Include="bitradio.bmp">
      <Filter>Resource Files</Filter>
    </Image>
    <Image Include="res\bmp00001.bmp">
      <Filter>Resource Files</Filter>
    </Image>
    <Image Include="bmp00001.bmp">
      <Filter>Resource Files</Filter>
    </Image>
    <Image Include="res\DockOffice.bmp">
      <Filter>Resource Files</Filter>
    </Image>
    <Image Include="DockOffice.bmp">
      <Filter>Resource Files</Filter>
    </Image>
    <Image Include="res\guiarrowdown.ico">
      <Filter>Resource Files</Filter>
    </Image>
    <Image Include="res\guiarrowright.ico">
      <Filter>Resource Files</Filter>
    </Image>
    <Image Include="res\GuiDefault.bmp">
      <Filter>Resource Files</Filter>
    </Image>
    <Image Include="res\guidockbar.bmp">
      <Filter>Resource Files</Filter>
    </Image>
    <Image Include="res\guidockoffice.bmp">
      <Filter>Resource Files</Filter>
    </Image>
    <Image Include="res\guimdiicons.bmp">
      <Filter>Resource Files</Filter>
    </Image>
    <Image Include="ico00001.ico">
      <Filter>Resource Files</Filter>
    </Image>
    <Image Include="res\ico00001.ico">
      <Filter>Resource Files</Filter>
    </Image>
    <Image Include="ico00002.ico">
      <Filter>Resource Files</Filter>
    </Image>
    <Image Include="res\ico238.ico">
      <Filter>Resource Files</Filter>
    </Image>
    <Image Include="res\ico239.ico">
      <Filter>Resource Files</Filter>
    </Image>
    <Image Include="res\icon1.ico">
      <Filter>Resource Files</Filter>
    </Image>
    <Image Include="icon1.ico">
      <Filter>Resource Files</Filter>
    </Image>
    <Image Include="idc_hand.ico">
      <Filter>Resource Files</Filter>
    </Image>
  </ItemGroup>
  <ItemGroup>
    <None Include="res\GuiLib.rc2">
      <Filter>Resource Files</Filter>
    </None>
  </ItemGroup>
  <ItemGroup>
    <Text Include="ReadMe.txt" />
  </ItemGroup>
</Project>